
Microsoft Visual Studio Solution File, Format Version 12.00
# Visual Studio Version 17
VisualStudioVersion = 17.9.34714.143
MinimumVisualStudioVersion = 10.0.40219.1
Project("{FAE04EC0-301F-11D3-BF4B-00C04F79EFBC}") = "WebApi_CRUD", "WebApi_CRUD\WebApi_CRUD.csproj", "{A1CF63E1-A070-4436-AD5E-67FBFD69A584}"
EndProject
Global
	GlobalSection(SolutionConfigurationPlatforms) = preSolution
		Debug|Any CPU = Debug|Any CPU
		Release|Any CPU = Release|Any CPU
	EndGlobalSection
	GlobalSection(ProjectConfigurationPlatforms) = postSolution
		{A1CF63E1-A070-4436-AD5E-67FBFD69A584}.Debug|Any CPU.ActiveCfg = Debug|Any CPU
		{A1CF63E1-A070-4436-AD5E-67FBFD69A584}.Debug|Any CPU.Build.0 = Debug|Any CPU
		{A1CF63E1-A070-4436-AD5E-67FBFD69A584}.Release|Any CPU.ActiveCfg = Release|Any CPU
		{A1CF63E1-A070-4436-AD5E-67FBFD69A584}.Release|Any CPU.Build.0 = Release|Any CPU
	EndGlobalSection
	GlobalSection(SolutionProperties) = preSolution
		HideSolutionNode = FALSE
	EndGlobalSection
	GlobalSection(ExtensibilityGlobals) = postSolution
		SolutionGuid = {1C94CC9B-9F94-4ED1-A429-B8A1DBD3FAE6}
	EndGlobalSection
EndGlobal
